
Microsoft Visual Studio Solution File, Format Version 12.00
# Visual Studio Version 17
VisualStudioVersion = 17.13.35828.75 d17.13
MinimumVisualStudioVersion = 10.0.40219.1
Project("{FAE04EC0-301F-11D3-BF4B-00C04F79EFBC}") = "EstruturaRepeticaoResolucao", "EstruturaRepeticaoResolucao\EstruturaRepeticaoResolucao.csproj", "{6C2FD923-8CDE-46B0-8B82-5F186C3D3E15}"
EndProject
Global
	GlobalSection(SolutionConfigurationPlatforms) = preSolution
		Debug|Any CPU = Debug|Any CPU
		Release|Any CPU = Release|Any CPU
	EndGlobalSection
	GlobalSection(ProjectConfigurationPlatforms) = postSolution
		{6C2FD923-8CDE-46B0-8B82-5F186C3D3E15}.Debug|Any CPU.ActiveCfg = Debug|Any CPU
		{6C2FD923-8CDE-46B0-8B82-5F186C3D3E15}.Debug|Any CPU.Build.0 = Debug|Any CPU
		{6C2FD923-8CDE-46B0-8B82-5F186C3D3E15}.Release|Any CPU.ActiveCfg = Release|Any CPU
		{6C2FD923-8CDE-46B0-8B82-5F186C3D3E15}.Release|Any CPU.Build.0 = Release|Any CPU
	EndGlobalSection
	GlobalSection(SolutionProperties) = preSolution
		HideSolutionNode = FALSE
	EndGlobalSection
	GlobalSection(ExtensibilityGlobals) = postSolution
		SolutionGuid = {022CF1B2-0CF4-4278-ADE7-4267CA538D14}
	EndGlobalSection
EndGlobal
